
Microsoft Visual Studio Solution File, Format Version 12.00
# Visual Studio Version 16
VisualStudioVersion = 16.0.28714.193
MinimumVisualStudioVersion = 10.0.40219.1
Project("{9A19103F-16F7-4668-BE54-9A1E7A4F7556}") = "HarryPotterCharacters", "HarryPotterCharacters\HarryPotterCharacters.csproj", "{4652D013-B4D9-45B4-8650-79F754EC1551}"
EndProject
Project("{FAE04EC0-301F-11D3-BF4B-00C04F79EFBC}") = "HarryPotterCharacters.Tests", "HarryPotterCharacters.Tests\HarryPotterCharacters.Tests.csproj", "{4DCB9A63-B39E-4E2F-AB13-DDA60822A6FA}"
EndProject
Global
	GlobalSection(SolutionConfigurationPlatforms) = preSolution
		Debug|Any CPU = Debug|Any CPU
		Release|Any CPU = Release|Any CPU
	EndGlobalSection
	GlobalSection(ProjectConfigurationPlatforms) = postSolution
		{4652D013-B4D9-45B4-8650-79F754EC1551}.Debug|Any CPU.ActiveCfg = Debug|Any CPU
		{4652D013-B4D9-45B4-8650-79F754EC1551}.Debug|Any CPU.Build.0 = Debug|Any CPU
		{4652D013-B4D9-45B4-8650-79F754EC1551}.Release|Any CPU.ActiveCfg = Release|Any CPU
		{4652D013-B4D9-45B4-8650-79F754EC1551}.Release|Any CPU.Build.0 = Release|Any CPU
		{4DCB9A63-B39E-4E2F-AB13-DDA60822A6FA}.Debug|Any CPU.ActiveCfg = Debug|Any CPU
		{4DCB9A63-B39E-4E2F-AB13-DDA60822A6FA}.Debug|Any CPU.Build.0 = Debug|Any CPU
		{4DCB9A63-B39E-4E2F-AB13-DDA60822A6FA}.Release|Any CPU.ActiveCfg = Release|Any CPU
		{4DCB9A63-B39E-4E2F-AB13-DDA60822A6FA}.Release|Any CPU.Build.0 = Release|Any CPU
	EndGlobalSection
	GlobalSection(SolutionProperties) = preSolution
		HideSolutionNode = FALSE
	EndGlobalSection
	GlobalSection(ExtensibilityGlobals) = postSolution
		SolutionGuid = {13D3DF8E-18B4-4FF2-8CCD-4B718E025C2C}
	EndGlobalSection
EndGlobal
